
Microsoft Visual Studio Solution File, Format Version 12.00
# Visual Studio Version 16
VisualStudioVersion = 16.0.30907.101
MinimumVisualStudioVersion = 10.0.40219.1
Project("{FAE04EC0-301F-11D3-BF4B-00C04F79EFBC}") = "ASPWebLocationAssignment", "ASPWebLocationAssignment\ASPWebLocationAssignment.csproj", "{BF2B652E-23C3-427D-B0D3-51B07E457496}"
EndProject
Global
	GlobalSection(SolutionConfigurationPlatforms) = preSolution
		Debug|Any CPU = Debug|Any CPU
		Release|Any CPU = Release|Any CPU
	EndGlobalSection
	GlobalSection(ProjectConfigurationPlatforms) = postSolution
		{BF2B652E-23C3-427D-B0D3-51B07E457496}.Debug|Any CPU.ActiveCfg = Debug|Any CPU
		{BF2B652E-23C3-427D-B0D3-51B07E457496}.Debug|Any CPU.Build.0 = Debug|Any CPU
		{BF2B652E-23C3-427D-B0D3-51B07E457496}.Release|Any CPU.ActiveCfg = Release|Any CPU
		{BF2B652E-23C3-427D-B0D3-51B07E457496}.Release|Any CPU.Build.0 = Release|Any CPU
	EndGlobalSection
	GlobalSection(SolutionProperties) = preSolution
		HideSolutionNode = FALSE
	EndGlobalSection
	GlobalSection(ExtensibilityGlobals) = postSolution
		SolutionGuid = {9226A2D8-9622-4C29-96C3-D923D6C085EE}
	EndGlobalSection
EndGlobal
